// !$*UTF8*$!
{
	archiveVersion = 1;
	classes = {
	};
	objectVersion = 46;
	objects = {

/* Begin PBXBuildFile section */
		01E020A1ADA173E5C7889CFA /* libPods-SPLumberjackLogFormatter.a in Frameworks */ = {isa = PBXBuildFile; fileRef = EF4A17AC8F84FBDB8B9AA46A /* libPods-SPLumberjackLogFormatter.a */; };
		F28D12611DE05C4500E753C5 /* SPLumberjackLogFormatter.m in Sources */ = {isa = PBXBuildFile; fileRef = F28D12601DE05C4500E753C5 /* SPLumberjackLogFormatter.m */; };
		F28D12631DE06A7A00E753C5 /* SPLumberjackLogFormatter.podspec in Resources */ = {isa = PBXBuildFile; fileRef = F28D12621DE06A7A00E753C5 /* SPLumberjackLogFormatter.podspec */; };
		F2C853681DDE0F1D00006A71 /* main.m in Sources */ = {isa = PBXBuildFile; fileRef = F2C853671DDE0F1D00006A71 /* main.m */; };
		F2C8536B1DDE0F1D00006A71 /* AppDelegate.m in Sources */ = {isa = PBXBuildFile; fileRef = F2C8536A1DDE0F1D00006A71 /* AppDelegate.m */; };
		F2C8536E1DDE0F1D00006A71 /* ViewController.m in Sources */ = {isa = PBXBuildFile; fileRef = F2C8536D1DDE0F1D00006A71 /* ViewController.m */; };
		F2C853711DDE0F1D00006A71 /* Main.storyboard in Resources */ = {isa = PBXBuildFile; fileRef = F2C8536F1DDE0F1D00006A71 /* Main.storyboard */; };
		F2C853731DDE0F1D00006A71 /* Assets.xcassets in Resources */ = {isa = PBXBuildFile; fileRef = F2C853721DDE0F1D00006A71 /* Assets.xcassets */; };
		F2C853761DDE0F1D00006A71 /* LaunchScreen.storyboard in Resources */ = {isa = PBXBuildFile; fileRef = F2C853741DDE0F1D00006A71 /* LaunchScreen.storyboard */; };
/* End PBXBuildFile section */

/* Begin PBXFileReference section */
		6C8BC30102D0C375999A2F9E /* Pods-SPLumberjackLogFormatter.release.xcconfig */ = {isa = PBXFileReference; includeInIndex = 1; lastKnownFileType = text.xcconfig; name = "Pods-SPLumberjackLogFormatter.release.xcconfig"; path = "Pods/Target Support Files/Pods-SPLumberjackLogFormatter/Pods-SPLumberjackLogFormatter.release.xcconfig"; sourceTree = "<group>"; };
		95222BD435F262FB0F8941C6 /* Pods-SPLumberjackLogFormatter.debug.xcconfig */ = {isa = PBXFileReference; includeInIndex = 1; lastKnownFileType = text.xcconfig; name = "Pods-SPLumberjackLogFormatter.debug.xcconfig"; path = "Pods/Target Support Files/Pods-SPLumberjackLogFormatter/Pods-SPLumberjackLogFormatter.debug.xcconfig"; sourceTree = "<group>"; };
		EF4A17AC8F84FBDB8B9AA46A /* libPods-SPLumberjackLogFormatter.a */ = {isa = PBXFileReference; explicitFileType = archive.ar; includeInIndex = 0; path = "libPods-SPLumberjackLogFormatter.a"; sourceTree = BUILT_PRODUCTS_DIR; };
		F28D125F1DE05C4500E753C5 /* SPLumberjackLogFormatter.h */ = {isa = PBXFileReference; fileEncoding = 4; lastKnownFileType = sourcecode.c.h; path = SPLumberjackLogFormatter.h; sourceTree = "<group>"; };
		F28D12601DE05C4500E753C5 /* SPLumberjackLogFormatter.m */ = {isa = PBXFileReference; fileEncoding = 4; lastKnownFileType = sourcecode.c.objc; path = SPLumberjackLogFormatter.m; sourceTree = "<group>"; };
		F28D12621DE06A7A00E753C5 /* SPLumberjackLogFormatter.podspec */ = {isa = PBXFileReference; fileEncoding = 4; lastKnownFileType = text; path = SPLumberjackLogFormatter.podspec; sourceTree = SOURCE_ROOT; };
		F2C853631DDE0F1D00006A71 /* SPLumberjackLogFormatter.app */ = {isa = PBXFileReference; explicitFileType = wrapper.application; includeInIndex = 0; path = SPLumberjackLogFormatter.app; sourceTree = BUILT_PRODUCTS_DIR; };
		F2C853671DDE0F1D00006A71 /* main.m */ = {isa = PBXFileReference; lastKnownFileType = sourcecode.c.objc; path = main.m; sourceTree = "<group>"; };
		F2C853691DDE0F1D00006A71 /* AppDelegate.h */ = {isa = PBXFileReference; lastKnownFileType = sourcecode.c.h; path = AppDelegate.h; sourceTree = "<group>"; };
		F2C8536A1DDE0F1D00006A71 /* AppDelegate.m */ = {isa = PBXFileReference; lastKnownFileType = sourcecode.c.objc; path = AppDelegate.m; sourceTree = "<group>"; };
		F2C8536C1DDE0F1D00006A71 /* ViewController.h */ = {isa = PBXFileReference; lastKnownFileType = sourcecode.c.h; path = ViewController.h; sourceTree = "<group>"; };
		F2C8536D1DDE0F1D00006A71 /* ViewController.m */ = {isa = PBXFileReference; lastKnownFileType = sourcecode.c.objc; path = ViewController.m; sourceTree = "<group>"; };
		F2C853701DDE0F1D00006A71 /* Base */ = {isa = PBXFileReference; lastKnownFileType = file.storyboard; name = Base; path = Base.lproj/Main.storyboard; sourceTree = "<group>"; };
		F2C853721DDE0F1D00006A71 /* Assets.xcassets */ = {isa = PBXFileReference; lastKnownFileType = folder.assetcatalog; path = Assets.xcassets; sourceTree = "<group>"; };
		F2C853751DDE0F1D00006A71 /* Base */ = {isa = PBXFileReference; lastKnownFileType = file.storyboard; name = Base; path = Base.lproj/LaunchScreen.storyboard; sourceTree = "<group>"; };
		F2C853771DDE0F1D00006A71 /* Info.plist */ = {isa = PBXFileReference; lastKnownFileType = text.plist.xml; path = Info.plist; sourceTree = "<group>"; };
/* End PBXFileReference section */

/* Begin PBXFrameworksBuildPhase section */
		F2C853601DDE0F1D00006A71 /* Frameworks */ = {
			isa = PBXFrameworksBuildPhase;
			buildActionMask = 2147483647;
			files = (
				01E020A1ADA173E5C7889CFA /* libPods-SPLumberjackLogFormatter.a in Frameworks */,
			);
			runOnlyForDeploymentPostprocessing = 0;
		};
/* End PBXFrameworksBuildPhase section */

/* Begin PBXGroup section */
		E07D816C812CB7F449956A06 /* Pods */ = {
			isa = PBXGroup;
			children = (
				95222BD435F262FB0F8941C6 /* Pods-SPLumberjackLogFormatter.debug.xcconfig */,
				6C8BC30102D0C375999A2F9E /* Pods-SPLumberjackLogFormatter.release.xcconfig */,
			);
			name = Pods;
			sourceTree = "<group>";
		};
		E6059522F5D7DDA5A9E1210B /* Frameworks */ = {
			isa = PBXGroup;
			children = (
				EF4A17AC8F84FBDB8B9AA46A /* libPods-SPLumberjackLogFormatter.a */,
			);
			name = Frameworks;
			sourceTree = "<group>";
		};
		F28D125E1DE05C4500E753C5 /* PodClasses */ = {
			isa = PBXGroup;
			children = (
				F28D125F1DE05C4500E753C5 /* SPLumberjackLogFormatter.h */,
				F28D12601DE05C4500E753C5 /* SPLumberjackLogFormatter.m */,
			);
			path = PodClasses;
			sourceTree = "<group>";
		};
		F2C8535A1DDE0F1D00006A71 = {
			isa = PBXGroup;
			children = (
				F2C853651DDE0F1D00006A71 /* SPLumberjackLogFormatter */,
				F2C853641DDE0F1D00006A71 /* Products */,
				E07D816C812CB7F449956A06 /* Pods */,
				E6059522F5D7DDA5A9E1210B /* Frameworks */,
			);
			sourceTree = "<group>";
		};
		F2C853641DDE0F1D00006A71 /* Products */ = {
			isa = PBXGroup;
			children = (
				F2C853631DDE0F1D00006A71 /* SPLumberjackLogFormatter.app */,
			);
			name = Products;
			sourceTree = "<group>";
		};
		F2C853651DDE0F1D00006A71 /* SPLumberjackLogFormatter */ = {
			isa = PBXGroup;
			children = (
				F28D12621DE06A7A00E753C5 /* SPLumberjackLogFormatter.podspec */,
				F28D125E1DE05C4500E753C5 /* PodClasses */,
				F2C853691DDE0F1D00006A71 /* AppDelegate.h */,
				F2C8536A1DDE0F1D00006A71 /* AppDelegate.m */,
				F2C8536C1DDE0F1D00006A71 /* ViewController.h */,
				F2C8536D1DDE0F1D00006A71 /* ViewController.m */,
				F2C8536F1DDE0F1D00006A71 /* Main.storyboard */,
				F2C853721DDE0F1D00006A71 /* Assets.xcassets */,
				F2C853741DDE0F1D00006A71 /* LaunchScreen.storyboard */,
				F2C853771DDE0F1D00006A71 /* Info.plist */,
				F2C853661DDE0F1D00006A71 /* Supporting Files */,
			);
			path = SPLumberjackLogFormatter;
			sourceTree = "<group>";
		};
		F2C853661DDE0F1D00006A71 /* Supporting Files */ = {
			isa = PBXGroup;
			children = (
				F2C853671DDE0F1D00006A71 /* main.m */,
			);
			name = "Supporting Files";
			sourceTree = "<group>";
		};
/* End PBXGroup section */

/* Begin PBXNativeTarget section */
		F2C853621DDE0F1D00006A71 /* SPLumberjackLogFormatter */ = {
			isa = PBXNativeTarget;
			buildConfigurationList = F2C8537A1DDE0F1D00006A71 /* Build configuration list for PBXNativeTarget "SPLumberjackLogFormatter" */;
			buildPhases = (
				A953973090185BEE6FC43FE2 /* [CP] Check Pods Manifest.lock */,
				F2C8535F1DDE0F1D00006A71 /* Sources */,
				F2C853601DDE0F1D00006A71 /* Frameworks */,
				F2C853611DDE0F1D00006A71 /* Resources */,
				D6E2024F01BC6BFD50152726 /* [CP] Embed Pods Frameworks */,
				5782AC3AB2D32922428BB766 /* [CP] Copy Pods Resources */,
			);
			buildRules = (
			);
			dependencies = (
			);
			name = SPLumberjackLogFormatter;
			productName = SPLumberjackLogFormatter;
			productReference = F2C853631DDE0F1D00006A71 /* SPLumberjackLogFormatter.app */;
			productType = "com.apple.product-type.application";
		};
/* End PBXNativeTarget section */

/* Begin PBXProject section */
		F2C8535B1DDE0F1D00006A71 /* Project object */ = {
			isa = PBXProject;
			attributes = {
				LastUpgradeCheck = 0810;
				ORGANIZATIONNAME = VoIPGRID;
				TargetAttributes = {
					F2C853621DDE0F1D00006A71 = {
						CreatedOnToolsVersion = 8.1;
						DevelopmentTeam = E2Q9UE8HM6;
						ProvisioningStyle = Automatic;
					};
				};
			};
			buildConfigurationList = F2C8535E1DDE0F1D00006A71 /* Build configuration list for PBXProject "SPLumberjackLogFormatter" */;
			compatibilityVersion = "Xcode 3.2";
			developmentRegion = English;
			hasScannedForEncodings = 0;
			knownRegions = (
				en,
				Base,
			);
			mainGroup = F2C8535A1DDE0F1D00006A71;
			productRefGroup = F2C853641DDE0F1D00006A71 /* Products */;
			projectDirPath = "";
			projectRoot = "";
			targets = (
				F2C853621DDE0F1D00006A71 /* SPLumberjackLogFormatter */,
			);
		};
/* End PBXProject section */

/* Begin PBXResourcesBuildPhase section */
		F2C853611DDE0F1D00006A71 /* Resources */ = {
			isa = PBXResourcesBuildPhase;
			buildActionMask = 2147483647;
			files = (
				F2C853761DDE0F1D00006A71 /* LaunchScreen.storyboard in Resources */,
				F2C853731DDE0F1D00006A71 /* Assets.xcassets in Resources */,
				F28D12631DE06A7A00E753C5 /* SPLumberjackLogFormatter.podspec in Resources */,
				F2C853711DDE0F1D00006A71 /* Main.storyboard in Resources */,
			);
			runOnlyForDeploymentPostprocessing = 0;
		};
/* End PBXResourcesBuildPhase section */

/* Begin PBXShellScriptBuildPhase section */
		5782AC3AB2D32922428BB766 /* [CP] Copy Pods Resources */ = {
			isa = PBXShellScriptBuildPhase;
			buildActionMask = 2147483647;
			files = (
			);
			inputPaths = (
			);
			name = "[CP] Copy Pods Resources";
			outputPaths = (
			);
			runOnlyForDeploymentPostprocessing = 0;
			shellPath = /bin/sh;
			shellScript = "\"${SRCROOT}/Pods/Target Support Files/Pods-SPLumberjackLogFormatter/Pods-SPLumberjackLogFormatter-resources.sh\"\n";
			showEnvVarsInLog = 0;
		};
		A953973090185BEE6FC43FE2 /* [CP] Check Pods Manifest.lock */ = {
			isa = PBXShellScriptBuildPhase;
			buildActionMask = 2147483647;
			files = (
			);
			inputPaths = (
			);
			name = "[CP] Check Pods Manifest.lock";
			outputPaths = (
			);
			runOnlyForDeploymentPostprocessing = 0;
			shellPath = /bin/sh;
			shellScript = "diff \"${PODS_ROOT}/../Podfile.lock\" \"${PODS_ROOT}/Manifest.lock\" > /dev/null\nif [ $? != 0 ] ; then\n    # print error to STDERR\n    echo \"error: The sandbox is not in sync with the Podfile.lock. Run 'pod install' or update your CocoaPods installation.\" >&2\n    exit 1\nfi\n";
			showEnvVarsInLog = 0;
		};
		D6E2024F01BC6BFD50152726 /* [CP] Embed Pods Frameworks */ = {
			isa = PBXShellScriptBuildPhase;
			buildActionMask = 2147483647;
			files = (
			);
			inputPaths = (
			);
			name = "[CP] Embed Pods Frameworks";
			outputPaths = (
			);
			runOnlyForDeploymentPostprocessing = 0;
			shellPath = /bin/sh;
			shellScript = "\"${SRCROOT}/Pods/Target Support Files/Pods-SPLumberjackLogFormatter/Pods-SPLumberjackLogFormatter-frameworks.sh\"\n";
			showEnvVarsInLog = 0;
		};
/* End PBXShellScriptBuildPhase section */

/* Begin PBXSourcesBuildPhase section */
		F2C8535F1DDE0F1D00006A71 /* Sources */ = {
			isa = PBXSourcesBuildPhase;
			buildActionMask = 2147483647;
			files = (
				F2C8536E1DDE0F1D00006A71 /* ViewController.m in Sources */,
				F2C8536B1DDE0F1D00006A71 /* AppDelegate.m in Sources */,
				F28D12611DE05C4500E753C5 /* SPLumberjackLogFormatter.m in Sources */,
				F2C853681DDE0F1D00006A71 /* main.m in Sources */,
			);
			runOnlyForDeploymentPostprocessing = 0;
		};
/* End PBXSourcesBuildPhase section */

/* Begin PBXVariantGroup section */
		F2C8536F1DDE0F1D00006A71 /* Main.storyboard */ = {
			isa = PBXVariantGroup;
			children = (
				F2C853701DDE0F1D00006A71 /* Base */,
			);
			name = Main.storyboard;
			sourceTree = "<group>";
		};
		F2C853741DDE0F1D00006A71 /* LaunchScreen.storyboard */ = {
			isa = PBXVariantGroup;
			children = (
				F2C853751DDE0F1D00006A71 /* Base */,
			);
			name = LaunchScreen.storyboard;
			sourceTree = "<group>";
		};
/* End PBXVariantGroup section */

/* Begin XCBuildConfiguration section */
		F2C853781DDE0F1D00006A71 /* Debug */ = {
			isa = XCBuildConfiguration;
			buildSettings = {
				ALWAYS_SEARCH_USER_PATHS = NO;
				CLANG_ANALYZER_NONNULL = YES;
				CLANG_CXX_LANGUAGE_STANDARD = "gnu++0x";
				CLANG_CXX_LIBRARY = "libc++";
				CLANG_ENABLE_MODULES = YES;
				CLANG_ENABLE_OBJC_ARC = YES;
				CLANG_WARN_BOOL_CONVERSION = YES;
				CLANG_WARN_CONSTANT_CONVERSION = YES;
				CLANG_WARN_DIRECT_OBJC_ISA_USAGE = YES_ERROR;
				CLANG_WARN_DOCUMENTATION_COMMENTS = YES;
				CLANG_WARN_EMPTY_BODY = YES;
				CLANG_WARN_ENUM_CONVERSION = YES;
				CLANG_WARN_INFINITE_RECURSION = YES;
				CLANG_WARN_INT_CONVERSION = YES;
				CLANG_WARN_OBJC_ROOT_CLASS = YES_ERROR;
				CLANG_WARN_SUSPICIOUS_MOVE = YES;
				CLANG_WARN_SUSPICIOUS_MOVES = YES;
				CLANG_WARN_UNREACHABLE_CODE = YES;
				CLANG_WARN__DUPLICATE_METHOD_MATCH = YES;
				"CODE_SIGN_IDENTITY[sdk=iphoneos*]" = "iPhone Developer";
				COPY_PHASE_STRIP = NO;
				DEBUG_INFORMATION_FORMAT = dwarf;
				ENABLE_STRICT_OBJC_MSGSEND = YES;
				ENABLE_TESTABILITY = YES;
				GCC_C_LANGUAGE_STANDARD = gnu99;
				GCC_DYNAMIC_NO_PIC = NO;
				GCC_NO_COMMON_BLOCKS = YES;
				GCC_OPTIMIZATION_LEVEL = 0;
				GCC_PREPROCESSOR_DEFINITIONS = (
					"DEBUG=1",
					"$(inherited)",
				);
				GCC_WARN_64_TO_32_BIT_CONVERSION = YES;
				GCC_WARN_ABOUT_RETURN_TYPE = YES_ERROR;
				GCC_WARN_UNDECLARED_SELECTOR = YES;
				GCC_WARN_UNINITIALIZED_AUTOS = YES_AGGRESSIVE;
				GCC_WARN_UNUSED_FUNCTION = YES;
				GCC_WARN_UNUSED_VARIABLE = YES;
				IPHONEOS_DEPLOYMENT_TARGET = 10.1;
				MTL_ENABLE_DEBUG_INFO = YES;
				ONLY_ACTIVE_ARCH = YES;
				SDKROOT = iphoneos;
				TARGETED_DEVICE_FAMILY = "1,2";
			};
			name = Debug;
		};
		F2C853791DDE0F1D00006A71 /* Release */ = {
			isa = XCBuildConfiguration;
			buildSettings = {
				ALWAYS_SEARCH_USER_PATHS = NO;
				CLANG_ANALYZER_NONNULL = YES;
				CLANG_CXX_LANGUAGE_STANDARD = "gnu++0x";
				CLANG_CXX_LIBRARY = "libc++";
				CLANG_ENABLE_MODULES = YES;
				CLANG_ENABLE_OBJC_ARC = YES;
				CLANG_WARN_BOOL_CONVERSION = YES;
				CLANG_WARN_CONSTANT_CONVERSION = YES;
				CLANG_WARN_DIRECT_OBJC_ISA_USAGE = YES_ERROR;
				CLANG_WARN_DOCUMENTATION_COMMENTS = YES;
				CLANG_WARN_EMPTY_BODY = YES;
				CLANG_WARN_ENUM_CONVERSION = YES;
				CLANG_WARN_INFINITE_RECURSION = YES;
				CLANG_WARN_INT_CONVERSION = YES;
				CLANG_WARN_OBJC_ROOT_CLASS = YES_ERROR;
				CLANG_WARN_SUSPICIOUS_MOVE = YES;
				CLANG_WARN_SUSPICIOUS_MOVES = YES;
				CLANG_WARN_UNREACHABLE_CODE = YES;
				CLANG_WARN__DUPLICATE_METHOD_MATCH = YES;
				"CODE_SIGN_IDENTITY[sdk=iphoneos*]" = "iPhone Developer";
				COPY_PHASE_STRIP = NO;
				DEBUG_INFORMATION_FORMAT = "dwarf-with-dsym";
				ENABLE_NS_ASSERTIONS = NO;
				ENABLE_STRICT_OBJC_MSGSEND = YES;
				GCC_C_LANGUAGE_STANDARD = gnu99;
				GCC_NO_COMMON_BLOCKS = YES;
				GCC_WARN_64_TO_32_BIT_CONVERSION = YES;
				GCC_WARN_ABOUT_RETURN_TYPE = YES_ERROR;
				GCC_WARN_UNDECLARED_SELECTOR = YES;
				GCC_WARN_UNINITIALIZED_AUTOS = YES_AGGRESSIVE;
				GCC_WARN_UNUSED_FUNCTION = YES;
				GCC_WARN_UNUSED_VARIABLE = YES;
				IPHONEOS_DEPLOYMENT_TARGET = 10.1;
				MTL_ENABLE_DEBUG_INFO = NO;
				SDKROOT = iphoneos;
				TARGETED_DEVICE_FAMILY = "1,2";
				VALIDATE_PRODUCT = YES;
			};
			name = Release;
		};
		F2C8537B1DDE0F1D00006A71 /* Debug */ = {
			isa = XCBuildConfiguration;
			baseConfigurationReference = 95222BD435F262FB0F8941C6 /* Pods-SPLumberjackLogFormatter.debug.xcconfig */;
			buildSettings = {
				ASSETCATALOG_COMPILER_APPICON_NAME = AppIcon;
				DEVELOPMENT_TEAM = E2Q9UE8HM6;
				INFOPLIST_FILE = SPLumberjackLogFormatter/Info.plist;
				LD_RUNPATH_SEARCH_PATHS = "$(inherited) @executable_path/Frameworks";
				PRODUCT_BUNDLE_IDENTIFIER = com.voipgrid.vialer.SPLumberjackLogFormatter;
				PRODUCT_NAME = "$(TARGET_NAME)";
			};
			name = Debug;
		};
		F2C8537C1DDE0F1D00006A71 /* Release */ = {
			isa = XCBuildConfiguration;
			baseConfigurationReference = 6C8BC30102D0C375999A2F9E /* Pods-SPLumberjackLogFormatter.release.xcconfig */;
			buildSettings = {
				ASSETCATALOG_COMPILER_APPICON_NAME = AppIcon;
				DEVELOPMENT_TEAM = E2Q9UE8HM6;
				INFOPLIST_FILE = SPLumberjackLogFormatter/Info.plist;
				LD_RUNPATH_SEARCH_PATHS = "$(inherited) @executable_path/Frameworks";
				PRODUCT_BUNDLE_IDENTIFIER = com.voipgrid.vialer.SPLumberjackLogFormatter;
				PRODUCT_NAME = "$(TARGET_NAME)";
			};
			name = Release;
		};
/* End XCBuildConfiguration section */

/* Begin XCConfigurationList section */
		F2C8535E1DDE0F1D00006A71 /* Build configuration list for PBXProject "SPLumberjackLogFormatter" */ = {
			isa = XCConfigurationList;
			buildConfigurations = (
				F2C853781DDE0F1D00006A71 /* Debug */,
				F2C853791DDE0F1D00006A71 /* Release */,
			);
			defaultConfigurationIsVisible = 0;
			defaultConfigurationName = Release;
		};
		F2C8537A1DDE0F1D00006A71 /* Build configuration list for PBXNativeTarget "SPLumberjackLogFormatter" */ = {
			isa = XCConfigurationList;
			buildConfigurations = (
				F2C8537B1DDE0F1D00006A71 /* Debug */,
				F2C8537C1DDE0F1D00006A71 /* Release */,
			);
			defaultConfigurationIsVisible = 0;
			defaultConfigurationName = Release;
		};
/* End XCConfigurationList section */
	};
	rootObject = F2C8535B1DDE0F1D00006A71 /* Project object */;
}
